
Microsoft Visual Studio Solution File, Format Version 12.00
# Visual Studio Version 17
VisualStudioVersion = 17.5.002.0
MinimumVisualStudioVersion = 10.0.40219.1
Project("{9A19103F-16F7-4668-BE54-9A1E7A4F7556}") = "TrilhaApiDesafio", "TrilhaApiDesafio.csproj", "{6A9A1B3D-5EED-4F4D-8B5A-B36B916D570E}"
EndProject
Global
	GlobalSection(SolutionConfigurationPlatforms) = preSolution
		Debug|Any CPU = Debug|Any CPU
		Release|Any CPU = Release|Any CPU
	EndGlobalSection
	GlobalSection(ProjectConfigurationPlatforms) = postSolution
		{6A9A1B3D-5EED-4F4D-8B5A-B36B916D570E}.Debug|Any CPU.ActiveCfg = Debug|Any CPU
		{6A9A1B3D-5EED-4F4D-8B5A-B36B916D570E}.Debug|Any CPU.Build.0 = Debug|Any CPU
		{6A9A1B3D-5EED-4F4D-8B5A-B36B916D570E}.Release|Any CPU.ActiveCfg = Release|Any CPU
		{6A9A1B3D-5EED-4F4D-8B5A-B36B916D570E}.Release|Any CPU.Build.0 = Release|Any CPU
	EndGlobalSection
	GlobalSection(SolutionProperties) = preSolution
		HideSolutionNode = FALSE
	EndGlobalSection
	GlobalSection(ExtensibilityGlobals) = postSolution
		SolutionGuid = {F8B603B8-273C-4D07-AD53-DDEFE76E6CE9}
	EndGlobalSection
EndGlobal
